
Microsoft Visual Studio Solution File, Format Version 12.00
Project("{FAE04EC0-301F-11D3-BF4B-00C04F79EFBC}") = "MemoryBuilder.Generator", "MemoryBuilder.Generator\MemoryBuilder.Generator.csproj", "{D3DE993E-1066-4488-BD87-ACB4928DEEAA}"
EndProject
Project("{FAE04EC0-301F-11D3-BF4B-00C04F79EFBC}") = "MemoryBuilder", "MemoryBuilder\MemoryBuilder.csproj", "{EDC5BC5D-1C41-472F-8304-EC1448999E0C}"
EndProject
Project("{FAE04EC0-301F-11D3-BF4B-00C04F79EFBC}") = "MemoryBuilder.Tests", "MemoryBuilder.Tests\MemoryBuilder.Tests.csproj", "{8176E9D4-EDE9-40FF-9F81-A169BEF6CD72}"
EndProject
Project("{FAE04EC0-301F-11D3-BF4B-00C04F79EFBC}") = "MemoryBuilder.Attributes", "MemoryBuilder.Attributes\MemoryBuilder.Attributes.csproj", "{9A6F8FDB-FD74-489F-8AED-596271C42309}"
EndProject
Global
	GlobalSection(SolutionConfigurationPlatforms) = preSolution
		Debug|Any CPU = Debug|Any CPU
		Release|Any CPU = Release|Any CPU
	EndGlobalSection
	GlobalSection(ProjectConfigurationPlatforms) = postSolution
		{D3DE993E-1066-4488-BD87-ACB4928DEEAA}.Debug|Any CPU.ActiveCfg = Debug|Any CPU
		{D3DE993E-1066-4488-BD87-ACB4928DEEAA}.Debug|Any CPU.Build.0 = Debug|Any CPU
		{D3DE993E-1066-4488-BD87-ACB4928DEEAA}.Release|Any CPU.ActiveCfg = Release|Any CPU
		{D3DE993E-1066-4488-BD87-ACB4928DEEAA}.Release|Any CPU.Build.0 = Release|Any CPU
		{EDC5BC5D-1C41-472F-8304-EC1448999E0C}.Debug|Any CPU.ActiveCfg = Debug|Any CPU
		{EDC5BC5D-1C41-472F-8304-EC1448999E0C}.Debug|Any CPU.Build.0 = Debug|Any CPU
		{EDC5BC5D-1C41-472F-8304-EC1448999E0C}.Release|Any CPU.ActiveCfg = Release|Any CPU
		{EDC5BC5D-1C41-472F-8304-EC1448999E0C}.Release|Any CPU.Build.0 = Release|Any CPU
		{8176E9D4-EDE9-40FF-9F81-A169BEF6CD72}.Debug|Any CPU.ActiveCfg = Debug|Any CPU
		{8176E9D4-EDE9-40FF-9F81-A169BEF6CD72}.Debug|Any CPU.Build.0 = Debug|Any CPU
		{8176E9D4-EDE9-40FF-9F81-A169BEF6CD72}.Release|Any CPU.ActiveCfg = Release|Any CPU
		{8176E9D4-EDE9-40FF-9F81-A169BEF6CD72}.Release|Any CPU.Build.0 = Release|Any CPU
		{9A6F8FDB-FD74-489F-8AED-596271C42309}.Debug|Any CPU.ActiveCfg = Debug|Any CPU
		{9A6F8FDB-FD74-489F-8AED-596271C42309}.Debug|Any CPU.Build.0 = Debug|Any CPU
		{9A6F8FDB-FD74-489F-8AED-596271C42309}.Release|Any CPU.ActiveCfg = Release|Any CPU
		{9A6F8FDB-FD74-489F-8AED-596271C42309}.Release|Any CPU.Build.0 = Release|Any CPU
	EndGlobalSection
EndGlobal
