Microsoft Visual Studio Solution File, Format Version 12.00
# Visual Studio Version 17
VisualStudioVersion = 17.5.2.0
MinimumVisualStudioVersion = 10.0.40219.1
Project("{FAE04EC0-301F-11D3-BF4B-00C04F79EFBC}") = "MemoryBuilder.Tests", "MemoryBuilder.Tests.csproj", "{996BF5F5-3748-A850-1219-62CACED08BF1}"
EndProject
Global
	GlobalSection(SolutionConfigurationPlatforms) = preSolution
		Debug|Any CPU = Debug|Any CPU
		Release|Any CPU = Release|Any CPU
	EndGlobalSection
	GlobalSection(ProjectConfigurationPlatforms) = postSolution
		{996BF5F5-3748-A850-1219-62CACED08BF1}.Debug|Any CPU.ActiveCfg = Debug|Any CPU
		{996BF5F5-3748-A850-1219-62CACED08BF1}.Debug|Any CPU.Build.0 = Debug|Any CPU
		{996BF5F5-3748-A850-1219-62CACED08BF1}.Release|Any CPU.ActiveCfg = Release|Any CPU
		{996BF5F5-3748-A850-1219-62CACED08BF1}.Release|Any CPU.Build.0 = Release|Any CPU
	EndGlobalSection
	GlobalSection(SolutionProperties) = preSolution
		HideSolutionNode = FALSE
	EndGlobalSection
	GlobalSection(ExtensibilityGlobals) = postSolution
		SolutionGuid = {BEBF546F-E3FD-44AC-BE03-A5A2AF06C38E}
	EndGlobalSection
EndGlobal
